
Microsoft Visual Studio Solution File, Format Version 12.00
# Visual Studio Version 17
VisualStudioVersion = 17.14.36429.23
MinimumVisualStudioVersion = 10.0.40219.1
Project("{FAE04EC0-301F-11D3-BF4B-00C04F79EFBC}") = "CourseWork7", "CourseWork7\CourseWork7.csproj", "{1C22D900-2DD1-4F54-8337-CDF535532468}"
EndProject
Project("{FAE04EC0-301F-11D3-BF4B-00C04F79EFBC}") = "SpotifyBot", "SpotifyBot\SpotifyBot.csproj", "{072FC94F-0087-4383-9337-CCB2A4863C6E}"
EndProject
Global
	GlobalSection(SolutionConfigurationPlatforms) = preSolution
		Debug|Any CPU = Debug|Any CPU
		Release|Any CPU = Release|Any CPU
	EndGlobalSection
	GlobalSection(ProjectConfigurationPlatforms) = postSolution
		{1C22D900-2DD1-4F54-8337-CDF535532468}.Debug|Any CPU.ActiveCfg = Debug|Any CPU
		{1C22D900-2DD1-4F54-8337-CDF535532468}.Debug|Any CPU.Build.0 = Debug|Any CPU
		{1C22D900-2DD1-4F54-8337-CDF535532468}.Release|Any CPU.ActiveCfg = Release|Any CPU
		{1C22D900-2DD1-4F54-8337-CDF535532468}.Release|Any CPU.Build.0 = Release|Any CPU
		{072FC94F-0087-4383-9337-CCB2A4863C6E}.Debug|Any CPU.ActiveCfg = Debug|Any CPU
		{072FC94F-0087-4383-9337-CCB2A4863C6E}.Debug|Any CPU.Build.0 = Debug|Any CPU
		{072FC94F-0087-4383-9337-CCB2A4863C6E}.Release|Any CPU.ActiveCfg = Release|Any CPU
		{072FC94F-0087-4383-9337-CCB2A4863C6E}.Release|Any CPU.Build.0 = Release|Any CPU
	EndGlobalSection
	GlobalSection(SolutionProperties) = preSolution
		HideSolutionNode = FALSE
	EndGlobalSection
	GlobalSection(ExtensibilityGlobals) = postSolution
		SolutionGuid = {9FC94BDC-EFE4-4C04-8B4A-DAB32041119B}
	EndGlobalSection
EndGlobal
